
Microsoft Visual Studio Solution File, Format Version 12.00
# Visual Studio 15
VisualStudioVersion = 15.0.28307.572
MinimumVisualStudioVersion = 10.0.40219.1
Project("{FAE04EC0-301F-11D3-BF4B-00C04F79EFBC}") = "WebApplication2", "WebApplication2\WebApplication2.csproj", "{ED173DD3-5A5F-402D-8D4C-1AE6E1FDE53A}"
EndProject
Global
	GlobalSection(SolutionConfigurationPlatforms) = preSolution
		Debug|Any CPU = Debug|Any CPU
		Release|Any CPU = Release|Any CPU
	EndGlobalSection
	GlobalSection(ProjectConfigurationPlatforms) = postSolution
		{ED173DD3-5A5F-402D-8D4C-1AE6E1FDE53A}.Debug|Any CPU.ActiveCfg = Debug|Any CPU
		{ED173DD3-5A5F-402D-8D4C-1AE6E1FDE53A}.Debug|Any CPU.Build.0 = Debug|Any CPU
		{ED173DD3-5A5F-402D-8D4C-1AE6E1FDE53A}.Release|Any CPU.ActiveCfg = Release|Any CPU
		{ED173DD3-5A5F-402D-8D4C-1AE6E1FDE53A}.Release|Any CPU.Build.0 = Release|Any CPU
	EndGlobalSection
	GlobalSection(SolutionProperties) = preSolution
		HideSolutionNode = FALSE
	EndGlobalSection
	GlobalSection(ExtensibilityGlobals) = postSolution
		SolutionGuid = {C839A582-B0F5-4507-892C-70FC78DF3BB4}
	EndGlobalSection
EndGlobal
